
Microsoft Visual Studio Solution File, Format Version 12.00
# Visual Studio 15
VisualStudioVersion = 15.0.28307.645
MinimumVisualStudioVersion = 10.0.40219.1
Project("{8BC9CEB8-8B4A-11D0-8D11-00A0C91BC942}") = "Zpquant_dll", "Zpquant_dll\Zpquant_dll.vcxproj", "{BD095B73-CA0D-401D-8B86-7208639AB505}"
EndProject
Global
	GlobalSection(SolutionConfigurationPlatforms) = preSolution
		Debug|x64 = Debug|x64
		Debug|x86 = Debug|x86
		Release|x64 = Release|x64
		Release|x86 = Release|x86
	EndGlobalSection
	GlobalSection(ProjectConfigurationPlatforms) = postSolution
		{BD095B73-CA0D-401D-8B86-7208639AB505}.Debug|x64.ActiveCfg = Debug|x64
		{BD095B73-CA0D-401D-8B86-7208639AB505}.Debug|x64.Build.0 = Debug|x64
		{BD095B73-CA0D-401D-8B86-7208639AB505}.Debug|x86.ActiveCfg = Debug|Win32
		{BD095B73-CA0D-401D-8B86-7208639AB505}.Debug|x86.Build.0 = Debug|Win32
		{BD095B73-CA0D-401D-8B86-7208639AB505}.Release|x64.ActiveCfg = Release|x64
		{BD095B73-CA0D-401D-8B86-7208639AB505}.Release|x64.Build.0 = Release|x64
		{BD095B73-CA0D-401D-8B86-7208639AB505}.Release|x86.ActiveCfg = Release|Win32
		{BD095B73-CA0D-401D-8B86-7208639AB505}.Release|x86.Build.0 = Release|Win32
	EndGlobalSection
	GlobalSection(SolutionProperties) = preSolution
		HideSolutionNode = FALSE
	EndGlobalSection
	GlobalSection(ExtensibilityGlobals) = postSolution
		SolutionGuid = {27E6CDFF-D2BD-4E90-9ECB-D8DF6EC9AE3D}
	EndGlobalSection
EndGlobal
